
Microsoft Visual Studio Solution File, Format Version 12.00
# Visual Studio Version 17
VisualStudioVersion = 17.1.32421.90
MinimumVisualStudioVersion = 10.0.40219.1
Project("{FAE04EC0-301F-11D3-BF4B-00C04F79EFBC}") = "Learning", "Learning\Learning.csproj", "{BF45FFC6-C38B-4667-BCC8-88BA1A7BBDED}"
EndProject
Global
	GlobalSection(SolutionConfigurationPlatforms) = preSolution
		Debug|Any CPU = Debug|Any CPU
		Release|Any CPU = Release|Any CPU
	EndGlobalSection
	GlobalSection(ProjectConfigurationPlatforms) = postSolution
		{BF45FFC6-C38B-4667-BCC8-88BA1A7BBDED}.Debug|Any CPU.ActiveCfg = Debug|Any CPU
		{BF45FFC6-C38B-4667-BCC8-88BA1A7BBDED}.Debug|Any CPU.Build.0 = Debug|Any CPU
		{BF45FFC6-C38B-4667-BCC8-88BA1A7BBDED}.Release|Any CPU.ActiveCfg = Release|Any CPU
		{BF45FFC6-C38B-4667-BCC8-88BA1A7BBDED}.Release|Any CPU.Build.0 = Release|Any CPU
	EndGlobalSection
	GlobalSection(SolutionProperties) = preSolution
		HideSolutionNode = FALSE
	EndGlobalSection
	GlobalSection(ExtensibilityGlobals) = postSolution
		SolutionGuid = {D3CA3C25-4AB8-4CF8-A819-672168C4B115}
	EndGlobalSection
EndGlobal
